
Microsoft Visual Studio Solution File, Format Version 12.00
# Visual Studio 15
VisualStudioVersion = 15.0.28010.2050
MinimumVisualStudioVersion = 10.0.40219.1
Project("{FAE04EC0-301F-11D3-BF4B-00C04F79EFBC}") = "MXDebugger", "MXDebugger\MXDebugger.csproj", "{13F55D71-6119-44DA-81D5-952A9B36C405}"
EndProject
Global
	GlobalSection(SolutionConfigurationPlatforms) = preSolution
		Debug|Any CPU = Debug|Any CPU
		Release|Any CPU = Release|Any CPU
	EndGlobalSection
	GlobalSection(ProjectConfigurationPlatforms) = postSolution
		{13F55D71-6119-44DA-81D5-952A9B36C405}.Debug|Any CPU.ActiveCfg = Debug|Any CPU
		{13F55D71-6119-44DA-81D5-952A9B36C405}.Debug|Any CPU.Build.0 = Debug|Any CPU
		{13F55D71-6119-44DA-81D5-952A9B36C405}.Release|Any CPU.ActiveCfg = Release|Any CPU
		{13F55D71-6119-44DA-81D5-952A9B36C405}.Release|Any CPU.Build.0 = Release|Any CPU
	EndGlobalSection
	GlobalSection(SolutionProperties) = preSolution
		HideSolutionNode = FALSE
	EndGlobalSection
	GlobalSection(ExtensibilityGlobals) = postSolution
		SolutionGuid = {26ECEA0E-F827-498E-AF77-986E2E394BE2}
	EndGlobalSection
EndGlobal
